{
    "_meta": {
        "hash": {
            "sha256": "dcbdf1a5a7ec10c02f51e884f8dabe386706d9e2eec03beb4e0f378e1cf1a05d"
        },
        "pipfile-spec": 6,
        "requires": {
            "python_version": "3.7"
        },
        "sources": [
            {
                "name": "pypi",
                "url": "https://pypi.org/simple",
                "verify_ssl": true
            }
        ]
    },
    "default": {
        "bleak": {
            "hashes": [
                "sha256:33e92739a8a117628fa1533bf973fd55ade2051c3a12ba3bbfee6ca9eca46959",
                "sha256:eb0716852cad7e96613934680b6aff4f48d68671d6ab967155497387cd98dcee"
            ],
            "index": "pypi",
            "version": "==0.13.0"
        },
        "dbus-next": {
            "hashes": [
                "sha256:58948f9aff9db08316734c0be2a120f6dc502124d9642f55e90ac82ffb16a18b",
                "sha256:f4eae26909332ada528c0a3549dda8d4f088f9b365153952a408e28023a626a5"
            ],
            "markers": "platform_system == 'Linux'",
            "version": "==0.2.3"
        }
    },
    "develop": {}
}
